
Microsoft Visual Studio Solution File, Format Version 12.00
# Visual Studio Version 17
VisualStudioVersion = 17.13.35825.156
MinimumVisualStudioVersion = 10.0.40219.1
Project("{8BC9CEB8-8B4A-11D0-8D11-00A0C91BC942}") = "Common", "Common\Common.vcxproj", "{778DF53F-A208-4A5D-A528-6D3E00FAD309}"
EndProject
Project("{8BC9CEB8-8B4A-11D0-8D11-00A0C91BC942}") = "01.RenderingTriangle", "01.RenderingTriangle\01.RenderingTriangle.vcxproj", "{E7DA628E-55ED-4514-96AC-A5D9779197AD}"
EndProject
Project("{8BC9CEB8-8B4A-11D0-8D11-00A0C91BC942}") = "02.RenderingRectangle", "02.RenderingRectangle\02.RenderingRectangle.vcxproj", "{87BC71C7-AECB-4866-B88F-76947A97B273}"
EndProject
Project("{8BC9CEB8-8B4A-11D0-8D11-00A0C91BC942}") = "03.Transform", "03.Transform\03.Transform.vcxproj", "{5E62DB8D-7418-422C-B7D9-33797FDD90EE}"
EndProject
Project("{8BC9CEB8-8B4A-11D0-8D11-00A0C91BC942}") = "04.ImGui", "04.ImGui\04.ImGui.vcxproj", "{B64D8577-347E-4A81-9E79-A009D527D84A}"
EndProject
Project("{8BC9CEB8-8B4A-11D0-8D11-00A0C91BC942}") = "05.Lighting", "05.Lighting\05.Lighting.vcxproj", "{60045B12-4E30-42FF-B117-94087DCDA02E}"
EndProject
Project("{8BC9CEB8-8B4A-11D0-8D11-00A0C91BC942}") = "06.TextureMapping", "06.TextureMapping\06.TextureMapping.vcxproj", "{9ED0D842-190B-4201-AFE8-5B20FA65AEEF}"
EndProject
Project("{8BC9CEB8-8B4A-11D0-8D11-00A0C91BC942}") = "07.BlinnPhongLight", "07.BlinnPhongLight\07.BlinnPhongLight.vcxproj", "{2D44942A-32D6-4CBE-99A1-22A815154254}"
EndProject
Global
	GlobalSection(SolutionConfigurationPlatforms) = preSolution
		Debug|x64 = Debug|x64
		Debug|x86 = Debug|x86
		Release|x64 = Release|x64
		Release|x86 = Release|x86
	EndGlobalSection
	GlobalSection(ProjectConfigurationPlatforms) = postSolution
		{778DF53F-A208-4A5D-A528-6D3E00FAD309}.Debug|x64.ActiveCfg = Debug|x64
		{778DF53F-A208-4A5D-A528-6D3E00FAD309}.Debug|x64.Build.0 = Debug|x64
		{778DF53F-A208-4A5D-A528-6D3E00FAD309}.Debug|x86.ActiveCfg = Debug|Win32
		{778DF53F-A208-4A5D-A528-6D3E00FAD309}.Debug|x86.Build.0 = Debug|Win32
		{778DF53F-A208-4A5D-A528-6D3E00FAD309}.Release|x64.ActiveCfg = Release|x64
		{778DF53F-A208-4A5D-A528-6D3E00FAD309}.Release|x64.Build.0 = Release|x64
		{778DF53F-A208-4A5D-A528-6D3E00FAD309}.Release|x86.ActiveCfg = Release|Win32
		{778DF53F-A208-4A5D-A528-6D3E00FAD309}.Release|x86.Build.0 = Release|Win32
		{E7DA628E-55ED-4514-96AC-A5D9779197AD}.Debug|x64.ActiveCfg = Debug|x64
		{E7DA628E-55ED-4514-96AC-A5D9779197AD}.Debug|x64.Build.0 = Debug|x64
		{E7DA628E-55ED-4514-96AC-A5D9779197AD}.Debug|x86.ActiveCfg = Debug|Win32
		{E7DA628E-55ED-4514-96AC-A5D9779197AD}.Debug|x86.Build.0 = Debug|Win32
		{E7DA628E-55ED-4514-96AC-A5D9779197AD}.Release|x64.ActiveCfg = Release|x64
		{E7DA628E-55ED-4514-96AC-A5D9779197AD}.Release|x64.Build.0 = Release|x64
		{E7DA628E-55ED-4514-96AC-A5D9779197AD}.Release|x86.ActiveCfg = Release|Win32
		{E7DA628E-55ED-4514-96AC-A5D9779197AD}.Release|x86.Build.0 = Release|Win32
		{87BC71C7-AECB-4866-B88F-76947A97B273}.Debug|x64.ActiveCfg = Debug|x64
		{87BC71C7-AECB-4866-B88F-76947A97B273}.Debug|x64.Build.0 = Debug|x64
		{87BC71C7-AECB-4866-B88F-76947A97B273}.Debug|x86.ActiveCfg = Debug|Win32
		{87BC71C7-AECB-4866-B88F-76947A97B273}.Debug|x86.Build.0 = Debug|Win32
		{87BC71C7-AECB-4866-B88F-76947A97B273}.Release|x64.ActiveCfg = Release|x64
		{87BC71C7-AECB-4866-B88F-76947A97B273}.Release|x64.Build.0 = Release|x64
		{87BC71C7-AECB-4866-B88F-76947A97B273}.Release|x86.ActiveCfg = Release|Win32
		{87BC71C7-AECB-4866-B88F-76947A97B273}.Release|x86.Build.0 = Release|Win32
		{5E62DB8D-7418-422C-B7D9-33797FDD90EE}.Debug|x64.ActiveCfg = Debug|x64
		{5E62DB8D-7418-422C-B7D9-33797FDD90EE}.Debug|x64.Build.0 = Debug|x64
		{5E62DB8D-7418-422C-B7D9-33797FDD90EE}.Debug|x86.ActiveCfg = Debug|Win32
		{5E62DB8D-7418-422C-B7D9-33797FDD90EE}.Debug|x86.Build.0 = Debug|Win32
		{5E62DB8D-7418-422C-B7D9-33797FDD90EE}.Release|x64.ActiveCfg = Release|x64
		{5E62DB8D-7418-422C-B7D9-33797FDD90EE}.Release|x64.Build.0 = Release|x64
		{5E62DB8D-7418-422C-B7D9-33797FDD90EE}.Release|x86.ActiveCfg = Release|Win32
		{5E62DB8D-7418-422C-B7D9-33797FDD90EE}.Release|x86.Build.0 = Release|Win32
		{B64D8577-347E-4A81-9E79-A009D527D84A}.Debug|x64.ActiveCfg = Debug|x64
		{B64D8577-347E-4A81-9E79-A009D527D84A}.Debug|x64.Build.0 = Debug|x64
		{B64D8577-347E-4A81-9E79-A009D527D84A}.Debug|x86.ActiveCfg = Debug|Win32
		{B64D8577-347E-4A81-9E79-A009D527D84A}.Debug|x86.Build.0 = Debug|Win32
		{B64D8577-347E-4A81-9E79-A009D527D84A}.Release|x64.ActiveCfg = Release|x64
		{B64D8577-347E-4A81-9E79-A009D527D84A}.Release|x64.Build.0 = Release|x64
		{B64D8577-347E-4A81-9E79-A009D527D84A}.Release|x86.ActiveCfg = Release|Win32
		{B64D8577-347E-4A81-9E79-A009D527D84A}.Release|x86.Build.0 = Release|Win32
		{60045B12-4E30-42FF-B117-94087DCDA02E}.Debug|x64.ActiveCfg = Debug|x64
		{60045B12-4E30-42FF-B117-94087DCDA02E}.Debug|x64.Build.0 = Debug|x64
		{60045B12-4E30-42FF-B117-94087DCDA02E}.Debug|x86.ActiveCfg = Debug|Win32
		{60045B12-4E30-42FF-B117-94087DCDA02E}.Debug|x86.Build.0 = Debug|Win32
		{60045B12-4E30-42FF-B117-94087DCDA02E}.Release|x64.ActiveCfg = Release|x64
		{60045B12-4E30-42FF-B117-94087DCDA02E}.Release|x64.Build.0 = Release|x64
		{60045B12-4E30-42FF-B117-94087DCDA02E}.Release|x86.ActiveCfg = Release|Win32
		{60045B12-4E30-42FF-B117-94087DCDA02E}.Release|x86.Build.0 = Release|Win32
		{9ED0D842-190B-4201-AFE8-5B20FA65AEEF}.Debug|x64.ActiveCfg = Debug|x64
		{9ED0D842-190B-4201-AFE8-5B20FA65AEEF}.Debug|x64.Build.0 = Debug|x64
		{9ED0D842-190B-4201-AFE8-5B20FA65AEEF}.Debug|x86.ActiveCfg = Debug|Win32
		{9ED0D842-190B-4201-AFE8-5B20FA65AEEF}.Debug|x86.Build.0 = Debug|Win32
		{9ED0D842-190B-4201-AFE8-5B20FA65AEEF}.Release|x64.ActiveCfg = Release|x64
		{9ED0D842-190B-4201-AFE8-5B20FA65AEEF}.Release|x64.Build.0 = Release|x64
		{9ED0D842-190B-4201-AFE8-5B20FA65AEEF}.Release|x86.ActiveCfg = Release|Win32
		{9ED0D842-190B-4201-AFE8-5B20FA65AEEF}.Release|x86.Build.0 = Release|Win32
		{2D44942A-32D6-4CBE-99A1-22A815154254}.Debug|x64.ActiveCfg = Debug|x64
		{2D44942A-32D6-4CBE-99A1-22A815154254}.Debug|x64.Build.0 = Debug|x64
		{2D44942A-32D6-4CBE-99A1-22A815154254}.Debug|x86.ActiveCfg = Debug|Win32
		{2D44942A-32D6-4CBE-99A1-22A815154254}.Debug|x86.Build.0 = Debug|Win32
		{2D44942A-32D6-4CBE-99A1-22A815154254}.Release|x64.ActiveCfg = Release|x64
		{2D44942A-32D6-4CBE-99A1-22A815154254}.Release|x64.Build.0 = Release|x64
		{2D44942A-32D6-4CBE-99A1-22A815154254}.Release|x86.ActiveCfg = Release|Win32
		{2D44942A-32D6-4CBE-99A1-22A815154254}.Release|x86.Build.0 = Release|Win32
	EndGlobalSection
	GlobalSection(SolutionProperties) = preSolution
		HideSolutionNode = FALSE
	EndGlobalSection
	GlobalSection(ExtensibilityGlobals) = postSolution
		SolutionGuid = {05949995-A80B-4024-A351-7C8FEAF059AC}
	EndGlobalSection
EndGlobal
