
Microsoft Visual Studio Solution File, Format Version 12.00
# Visual Studio Version 17
VisualStudioVersion = 17.13.35825.156
MinimumVisualStudioVersion = 10.0.40219.1
Project("{8BC9CEB8-8B4A-11D0-8D11-00A0C91BC942}") = "D3DProgramming", "D3DProgramming\D3DProgramming.vcxproj", "{866B54AD-AD8C-4EFB-A3C9-317C9EA22DD0}"
EndProject
Project("{8BC9CEB8-8B4A-11D0-8D11-00A0C91BC942}") = "Common", "Common\Common.vcxproj", "{778DF53F-A208-4A5D-A528-6D3E00FAD309}"
EndProject
Global
	GlobalSection(SolutionConfigurationPlatforms) = preSolution
		Debug|x64 = Debug|x64
		Debug|x86 = Debug|x86
		Release|x64 = Release|x64
		Release|x86 = Release|x86
	EndGlobalSection
	GlobalSection(ProjectConfigurationPlatforms) = postSolution
		{866B54AD-AD8C-4EFB-A3C9-317C9EA22DD0}.Debug|x64.ActiveCfg = Debug|x64
		{866B54AD-AD8C-4EFB-A3C9-317C9EA22DD0}.Debug|x64.Build.0 = Debug|x64
		{866B54AD-AD8C-4EFB-A3C9-317C9EA22DD0}.Debug|x86.ActiveCfg = Debug|Win32
		{866B54AD-AD8C-4EFB-A3C9-317C9EA22DD0}.Debug|x86.Build.0 = Debug|Win32
		{866B54AD-AD8C-4EFB-A3C9-317C9EA22DD0}.Release|x64.ActiveCfg = Release|x64
		{866B54AD-AD8C-4EFB-A3C9-317C9EA22DD0}.Release|x64.Build.0 = Release|x64
		{866B54AD-AD8C-4EFB-A3C9-317C9EA22DD0}.Release|x86.ActiveCfg = Release|Win32
		{866B54AD-AD8C-4EFB-A3C9-317C9EA22DD0}.Release|x86.Build.0 = Release|Win32
		{778DF53F-A208-4A5D-A528-6D3E00FAD309}.Debug|x64.ActiveCfg = Debug|x64
		{778DF53F-A208-4A5D-A528-6D3E00FAD309}.Debug|x64.Build.0 = Debug|x64
		{778DF53F-A208-4A5D-A528-6D3E00FAD309}.Debug|x86.ActiveCfg = Debug|Win32
		{778DF53F-A208-4A5D-A528-6D3E00FAD309}.Debug|x86.Build.0 = Debug|Win32
		{778DF53F-A208-4A5D-A528-6D3E00FAD309}.Release|x64.ActiveCfg = Release|x64
		{778DF53F-A208-4A5D-A528-6D3E00FAD309}.Release|x64.Build.0 = Release|x64
		{778DF53F-A208-4A5D-A528-6D3E00FAD309}.Release|x86.ActiveCfg = Release|Win32
		{778DF53F-A208-4A5D-A528-6D3E00FAD309}.Release|x86.Build.0 = Release|Win32
	EndGlobalSection
	GlobalSection(SolutionProperties) = preSolution
		HideSolutionNode = FALSE
	EndGlobalSection
	GlobalSection(ExtensibilityGlobals) = postSolution
		SolutionGuid = {05949995-A80B-4024-A351-7C8FEAF059AC}
	EndGlobalSection
EndGlobal
