<?xml version="1.0" encoding="utf-8"?>
<Project ToolsVersion="4.0" xmlns="http://schemas.microsoft.com/developer/msbuild/2003">
  <ItemGroup>
    <Filter Include="소스 파일">
      <UniqueIdentifier>{4FC737F1-C7A5-4376-A066-2A32D752A2FF}</UniqueIdentifier>
      <Extensions>cpp;c;cc;cxx;c++;cppm;ixx;def;odl;idl;hpj;bat;asm;asmx</Extensions>
    </Filter>
    <Filter Include="헤더 파일">
      <UniqueIdentifier>{93995380-89BD-4b04-88EB-625FBE52EBFB}</UniqueIdentifier>
      <Extensions>h;hh;hpp;hxx;h++;hm;inl;inc;ipp;xsd</Extensions>
    </Filter>
    <Filter Include="[ 00. Main ]">
      <UniqueIdentifier>{88338675-e849-4f3c-87d2-58bb8b48f4a3}</UniqueIdentifier>
    </Filter>
    <Filter Include="[ 99. Utility ]">
      <UniqueIdentifier>{14f03cda-87bf-4d19-a84c-7eb2cd98663a}</UniqueIdentifier>
    </Filter>
    <Filter Include="[ 02. Mesh ]">
      <UniqueIdentifier>{f861e07b-bcbe-43a3-a36b-99a38234794b}</UniqueIdentifier>
    </Filter>
    <Filter Include="[ 01. System ]">
      <UniqueIdentifier>{70cba97d-cc0d-4039-974a-3e8c1e180847}</UniqueIdentifier>
    </Filter>
    <Filter Include="[ 03. Animation ]">
      <UniqueIdentifier>{9a1673b2-ca4d-470b-b430-1a0bd4e72739}</UniqueIdentifier>
    </Filter>
    <Filter Include="[ 05. Resource ]">
      <UniqueIdentifier>{581ae79c-190e-4a74-8b9d-1550d161f2aa}</UniqueIdentifier>
    </Filter>
    <Filter Include="[ 04.Physics ]">
      <UniqueIdentifier>{d8eaceb4-ba77-4e63-851a-ab6c150ea207}</UniqueIdentifier>
    </Filter>
  </ItemGroup>
  <ItemGroup>
    <ClInclude Include="pch.h">
      <Filter>[ 99. Utility ]</Filter>
    </ClInclude>
    <ClInclude Include="Helper.h">
      <Filter>[ 99. Utility ]</Filter>
    </ClInclude>
    <ClInclude Include="framework.h">
      <Filter>[ 99. Utility ]</Filter>
    </ClInclude>
    <ClInclude Include="GameApp.h">
      <Filter>[ 00. Main ]</Filter>
    </ClInclude>
    <ClInclude Include="D3DDevice.h">
      <Filter>[ 99. Utility ]</Filter>
    </ClInclude>
    <ClInclude Include="Camera.h">
      <Filter>[ 01. System ]</Filter>
    </ClInclude>
    <ClInclude Include="TimeSystem.h">
      <Filter>[ 01. System ]</Filter>
    </ClInclude>
    <ClInclude Include="InputSystem.h">
      <Filter>[ 01. System ]</Filter>
    </ClInclude>
    <ClInclude Include="Material.h">
      <Filter>[ 01. System ]</Filter>
    </ClInclude>
    <ClInclude Include="DebugDraw.h">
      <Filter>[ 99. Utility ]</Filter>
    </ClInclude>
    <ClInclude Include="MeshSection.h">
      <Filter>[ 02. Mesh ]</Filter>
    </ClInclude>
    <ClInclude Include="SkeletalMeshInstance.h">
      <Filter>[ 02. Mesh ]</Filter>
    </ClInclude>
    <ClInclude Include="StaticMeshInstance.h">
      <Filter>[ 02. Mesh ]</Filter>
    </ClInclude>
    <ClInclude Include="SkeletonInfo.h">
      <Filter>[ 02. Mesh ]</Filter>
    </ClInclude>
    <ClInclude Include="Transform.h">
      <Filter>[ 99. Utility ]</Filter>
    </ClInclude>
    <ClInclude Include="Bone.h">
      <Filter>[ 02. Mesh ]</Filter>
    </ClInclude>
    <ClInclude Include="ConstantBuffer.h">
      <Filter>[ 99. Utility ]</Filter>
    </ClInclude>
    <ClInclude Include="BoneMatrixContainer.h">
      <Filter>[ 99. Utility ]</Filter>
    </ClInclude>
    <ClInclude Include="AssetKey.h">
      <Filter>[ 05. Resource ]</Filter>
    </ClInclude>
    <ClInclude Include="SkeletalMeshAsset.h">
      <Filter>[ 05. Resource ]</Filter>
    </ClInclude>
    <ClInclude Include="StaticMeshAsset.h">
      <Filter>[ 05. Resource ]</Filter>
    </ClInclude>
    <ClInclude Include="AssetManager.h">
      <Filter>[ 05. Resource ]</Filter>
    </ClInclude>
    <ClInclude Include="Animator.h">
      <Filter>[ 03. Animation ]</Filter>
    </ClInclude>
    <ClInclude Include="AnimationController.h">
      <Filter>[ 03. Animation ]</Filter>
    </ClInclude>
    <ClInclude Include="AnimationClip.h">
      <Filter>[ 03. Animation ]</Filter>
    </ClInclude>
    <ClInclude Include="AnimationState.h">
      <Filter>[ 03. Animation ]</Filter>
    </ClInclude>
    <ClInclude Include="AnimatorParameter.h">
      <Filter>[ 03. Animation ]</Filter>
    </ClInclude>
    <ClInclude Include="PhysicsSystem.h">
      <Filter>[ 04.Physics ]</Filter>
    </ClInclude>
    <ClInclude Include="PhysXUtils.h">
      <Filter>[ 04.Physics ]</Filter>
    </ClInclude>
    <ClInclude Include="PhysicsComponent.h">
      <Filter>[ 04.Physics ]</Filter>
    </ClInclude>
    <ClInclude Include="CollisionLayer.h">
      <Filter>[ 04.Physics ]</Filter>
    </ClInclude>
    <ClInclude Include="PhysicsFilterShader.h">
      <Filter>[ 04.Physics ]</Filter>
    </ClInclude>
  </ItemGroup>
  <ItemGroup>
    <ClCompile Include="Camera.cpp">
      <Filter>[ 01. System ]</Filter>
    </ClCompile>
    <ClCompile Include="GameApp.cpp">
      <Filter>[ 00. Main ]</Filter>
    </ClCompile>
    <ClCompile Include="InputSystem.cpp">
      <Filter>[ 01. System ]</Filter>
    </ClCompile>
    <ClCompile Include="TimeSystem.cpp">
      <Filter>[ 01. System ]</Filter>
    </ClCompile>
    <ClCompile Include="pch.cpp">
      <Filter>[ 99. Utility ]</Filter>
    </ClCompile>
    <ClCompile Include="D3DDevice.cpp">
      <Filter>[ 99. Utility ]</Filter>
    </ClCompile>
    <ClCompile Include="Helper.cpp">
      <Filter>[ 99. Utility ]</Filter>
    </ClCompile>
    <ClCompile Include="Material.cpp">
      <Filter>[ 01. System ]</Filter>
    </ClCompile>
    <ClCompile Include="DebugDraw.cpp">
      <Filter>[ 99. Utility ]</Filter>
    </ClCompile>
    <ClCompile Include="SkeletalMeshInstance.cpp">
      <Filter>[ 02. Mesh ]</Filter>
    </ClCompile>
    <ClCompile Include="MeshSection.cpp">
      <Filter>[ 02. Mesh ]</Filter>
    </ClCompile>
    <ClCompile Include="StaticMeshInstance.cpp">
      <Filter>[ 02. Mesh ]</Filter>
    </ClCompile>
    <ClCompile Include="SkeletonInfo.cpp">
      <Filter>[ 02. Mesh ]</Filter>
    </ClCompile>
    <ClCompile Include="StaticMeshAsset.cpp">
      <Filter>[ 05. Resource ]</Filter>
    </ClCompile>
    <ClCompile Include="SkeletalMeshAsset.cpp">
      <Filter>[ 05. Resource ]</Filter>
    </ClCompile>
    <ClCompile Include="AssetManager.cpp">
      <Filter>[ 05. Resource ]</Filter>
    </ClCompile>
    <ClCompile Include="Animator.cpp">
      <Filter>[ 03. Animation ]</Filter>
    </ClCompile>
    <ClCompile Include="AnimationController.cpp">
      <Filter>[ 03. Animation ]</Filter>
    </ClCompile>
    <ClCompile Include="AnimationClip.cpp">
      <Filter>[ 03. Animation ]</Filter>
    </ClCompile>
    <ClCompile Include="PhysicsSystem.cpp">
      <Filter>[ 04.Physics ]</Filter>
    </ClCompile>
    <ClCompile Include="PhysicsComponent.cpp">
      <Filter>[ 04.Physics ]</Filter>
    </ClCompile>
    <ClCompile Include="PhysicsFilterShader.cpp">
      <Filter>[ 04.Physics ]</Filter>
    </ClCompile>
  </ItemGroup>
</Project>