<?xml version="1.0" encoding="utf-8"?>
<Project ToolsVersion="4.0" xmlns="http://schemas.microsoft.com/developer/msbuild/2003">
  <ItemGroup>
    <Filter Include="소스 파일">
      <UniqueIdentifier>{4FC737F1-C7A5-4376-A066-2A32D752A2FF}</UniqueIdentifier>
      <Extensions>cpp;c;cc;cxx;c++;cppm;ixx;def;odl;idl;hpj;bat;asm;asmx</Extensions>
    </Filter>
    <Filter Include="헤더 파일">
      <UniqueIdentifier>{93995380-89BD-4b04-88EB-625FBE52EBFB}</UniqueIdentifier>
      <Extensions>h;hh;hpp;hxx;h++;hm;inl;inc;ipp;xsd</Extensions>
    </Filter>
    <Filter Include="리소스 파일">
      <UniqueIdentifier>{67DA6AB6-F800-4c08-8B7A-83BB121AAD01}</UniqueIdentifier>
      <Extensions>rc;ico;cur;bmp;dlg;rc2;rct;bin;rgs;gif;jpg;jpeg;jpe;resx;tiff;tif;png;wav;mfcribbon-ms</Extensions>
    </Filter>
  </ItemGroup>
  <ItemGroup>
    <ClCompile Include="Animation.cpp">
      <Filter>소스 파일</Filter>
    </ClCompile>
    <ClCompile Include="AssetManager.cpp">
      <Filter>소스 파일</Filter>
    </ClCompile>
    <ClCompile Include="DebugDraw.cpp">
      <Filter>소스 파일</Filter>
    </ClCompile>
    <ClCompile Include="Material.cpp">
      <Filter>소스 파일</Filter>
    </ClCompile>
    <ClCompile Include="MeshSection.cpp">
      <Filter>소스 파일</Filter>
    </ClCompile>
    <ClCompile Include="SkeletalMeshAsset.cpp">
      <Filter>소스 파일</Filter>
    </ClCompile>
    <ClCompile Include="SkeletalMeshInstance.cpp">
      <Filter>소스 파일</Filter>
    </ClCompile>
    <ClCompile Include="SkeletonInfo.cpp">
      <Filter>소스 파일</Filter>
    </ClCompile>
    <ClCompile Include="StaticMeshAsset.cpp">
      <Filter>소스 파일</Filter>
    </ClCompile>
    <ClCompile Include="StaticMeshInstance.cpp">
      <Filter>소스 파일</Filter>
    </ClCompile>
    <ClCompile Include="TestApp.cpp">
      <Filter>소스 파일</Filter>
    </ClCompile>
    <ClCompile Include="WinMain.cpp">
      <Filter>소스 파일</Filter>
    </ClCompile>
  </ItemGroup>
  <ItemGroup>
    <ClInclude Include="Animation.h">
      <Filter>헤더 파일</Filter>
    </ClInclude>
    <ClInclude Include="AssetKey.h">
      <Filter>헤더 파일</Filter>
    </ClInclude>
    <ClInclude Include="AssetManager.h">
      <Filter>헤더 파일</Filter>
    </ClInclude>
    <ClInclude Include="Bone.h">
      <Filter>헤더 파일</Filter>
    </ClInclude>
    <ClInclude Include="BoneMatrixContainer.h">
      <Filter>헤더 파일</Filter>
    </ClInclude>
    <ClInclude Include="ConstantBuffer.h">
      <Filter>헤더 파일</Filter>
    </ClInclude>
    <ClInclude Include="DebugDraw.h">
      <Filter>헤더 파일</Filter>
    </ClInclude>
    <ClInclude Include="Material.h">
      <Filter>헤더 파일</Filter>
    </ClInclude>
    <ClInclude Include="MeshSection.h">
      <Filter>헤더 파일</Filter>
    </ClInclude>
    <ClInclude Include="SkeletalMeshAsset.h">
      <Filter>헤더 파일</Filter>
    </ClInclude>
    <ClInclude Include="SkeletalMeshInstance.h">
      <Filter>헤더 파일</Filter>
    </ClInclude>
    <ClInclude Include="SkeletonInfo.h">
      <Filter>헤더 파일</Filter>
    </ClInclude>
    <ClInclude Include="StaticMeshAsset.h">
      <Filter>헤더 파일</Filter>
    </ClInclude>
    <ClInclude Include="StaticMeshInstance.h">
      <Filter>헤더 파일</Filter>
    </ClInclude>
    <ClInclude Include="TestApp.h">
      <Filter>헤더 파일</Filter>
    </ClInclude>
    <ClInclude Include="Transform.h">
      <Filter>헤더 파일</Filter>
    </ClInclude>
  </ItemGroup>
  <ItemGroup>
    <None Include="imgui.ini" />
  </ItemGroup>
</Project>